
Microsoft Visual Studio Solution File, Format Version 12.00
# Visual Studio Version 17
VisualStudioVersion = 17.3.32804.467
MinimumVisualStudioVersion = 10.0.40219.1
Project("{FAE04EC0-301F-11D3-BF4B-00C04F79EFBC}") = "Sep12Exercises", "Sep12Exercises\Sep12Exercises.csproj", "{3E916224-F9BF-43D9-B7BA-19FFB03B977C}"
EndProject
Project("{FAE04EC0-301F-11D3-BF4B-00C04F79EFBC}") = "Sep12", "Sep12\Sep12.csproj", "{B68A8598-7D82-4E51-A8B3-7D255173CE46}"
EndProject
Global
	GlobalSection(SolutionConfigurationPlatforms) = preSolution
		Debug|Any CPU = Debug|Any CPU
		Release|Any CPU = Release|Any CPU
	EndGlobalSection
	GlobalSection(ProjectConfigurationPlatforms) = postSolution
		{3E916224-F9BF-43D9-B7BA-19FFB03B977C}.Debug|Any CPU.ActiveCfg = Debug|Any CPU
		{3E916224-F9BF-43D9-B7BA-19FFB03B977C}.Debug|Any CPU.Build.0 = Debug|Any CPU
		{3E916224-F9BF-43D9-B7BA-19FFB03B977C}.Release|Any CPU.ActiveCfg = Release|Any CPU
		{3E916224-F9BF-43D9-B7BA-19FFB03B977C}.Release|Any CPU.Build.0 = Release|Any CPU
		{B68A8598-7D82-4E51-A8B3-7D255173CE46}.Debug|Any CPU.ActiveCfg = Debug|Any CPU
		{B68A8598-7D82-4E51-A8B3-7D255173CE46}.Debug|Any CPU.Build.0 = Debug|Any CPU
		{B68A8598-7D82-4E51-A8B3-7D255173CE46}.Release|Any CPU.ActiveCfg = Release|Any CPU
		{B68A8598-7D82-4E51-A8B3-7D255173CE46}.Release|Any CPU.Build.0 = Release|Any CPU
	EndGlobalSection
	GlobalSection(SolutionProperties) = preSolution
		HideSolutionNode = FALSE
	EndGlobalSection
	GlobalSection(ExtensibilityGlobals) = postSolution
		SolutionGuid = {E16F162B-5410-47EC-8012-F6663FA442B5}
	EndGlobalSection
EndGlobal
